
Microsoft Visual Studio Solution File, Format Version 12.00
# Visual Studio 15
VisualStudioVersion = 15.0.28307.329
MinimumVisualStudioVersion = 10.0.40219.1
Project("{FAE04EC0-301F-11D3-BF4B-00C04F79EFBC}") = "DebugViewConsoleApp", "DebugViewConsoleApp\DebugViewConsoleApp.csproj", "{91B45E48-16BB-485B-8EAB-7045C1B3DD1E}"
EndProject
Global
	GlobalSection(SolutionConfigurationPlatforms) = preSolution
		Debug|Any CPU = Debug|Any CPU
		Release|Any CPU = Release|Any CPU
	EndGlobalSection
	GlobalSection(ProjectConfigurationPlatforms) = postSolution
		{91B45E48-16BB-485B-8EAB-7045C1B3DD1E}.Debug|Any CPU.ActiveCfg = Debug|Any CPU
		{91B45E48-16BB-485B-8EAB-7045C1B3DD1E}.Debug|Any CPU.Build.0 = Debug|Any CPU
		{91B45E48-16BB-485B-8EAB-7045C1B3DD1E}.Release|Any CPU.ActiveCfg = Release|Any CPU
		{91B45E48-16BB-485B-8EAB-7045C1B3DD1E}.Release|Any CPU.Build.0 = Release|Any CPU
	EndGlobalSection
	GlobalSection(SolutionProperties) = preSolution
		HideSolutionNode = FALSE
	EndGlobalSection
	GlobalSection(ExtensibilityGlobals) = postSolution
		SolutionGuid = {53C91A3C-0683-4D23-B203-D6278DCD47FB}
	EndGlobalSection
EndGlobal
